
Microsoft Visual Studio Solution File, Format Version 12.00
Project("{FAE04EC0-301F-11D3-BF4B-00C04F79EFBC}") = "basic", "basic\basic.csproj", "{92B59E5F-FD8B-4675-8717-F80CE2F544DE}"
EndProject
Project("{FAE04EC0-301F-11D3-BF4B-00C04F79EFBC}") = "extended", "extended\extended.csproj", "{3F3C0E1E-E92C-4B5E-8F92-BF3767E640B4}"
EndProject
Global
	GlobalSection(SolutionConfigurationPlatforms) = preSolution
		Debug|Any CPU = Debug|Any CPU
		Release|Any CPU = Release|Any CPU
	EndGlobalSection
	GlobalSection(ProjectConfigurationPlatforms) = postSolution
		{92B59E5F-FD8B-4675-8717-F80CE2F544DE}.Debug|Any CPU.ActiveCfg = Debug|Any CPU
		{92B59E5F-FD8B-4675-8717-F80CE2F544DE}.Debug|Any CPU.Build.0 = Debug|Any CPU
		{92B59E5F-FD8B-4675-8717-F80CE2F544DE}.Release|Any CPU.ActiveCfg = Release|Any CPU
		{92B59E5F-FD8B-4675-8717-F80CE2F544DE}.Release|Any CPU.Build.0 = Release|Any CPU
		{3F3C0E1E-E92C-4B5E-8F92-BF3767E640B4}.Debug|Any CPU.ActiveCfg = Debug|Any CPU
		{3F3C0E1E-E92C-4B5E-8F92-BF3767E640B4}.Debug|Any CPU.Build.0 = Debug|Any CPU
		{3F3C0E1E-E92C-4B5E-8F92-BF3767E640B4}.Release|Any CPU.ActiveCfg = Release|Any CPU
		{3F3C0E1E-E92C-4B5E-8F92-BF3767E640B4}.Release|Any CPU.Build.0 = Release|Any CPU
	EndGlobalSection
EndGlobal
