
Microsoft Visual Studio Solution File, Format Version 12.00
# Visual Studio 15
VisualStudioVersion = 15.0.26124.0
MinimumVisualStudioVersion = 15.0.26124.0
Project("{FAE04EC0-301F-11D3-BF4B-00C04F79EFBC}") = "UnicodeCharLength", "UnicodeCharLength\UnicodeCharLength.csproj", "{08CAD944-6190-4D9B-BE80-8EF67C4B93DD}"
EndProject
Global
	GlobalSection(SolutionConfigurationPlatforms) = preSolution
		Debug|Any CPU = Debug|Any CPU
		Debug|x64 = Debug|x64
		Debug|x86 = Debug|x86
		Release|Any CPU = Release|Any CPU
		Release|x64 = Release|x64
		Release|x86 = Release|x86
	EndGlobalSection
	GlobalSection(SolutionProperties) = preSolution
		HideSolutionNode = FALSE
	EndGlobalSection
	GlobalSection(ProjectConfigurationPlatforms) = postSolution
		{08CAD944-6190-4D9B-BE80-8EF67C4B93DD}.Debug|Any CPU.ActiveCfg = Debug|Any CPU
		{08CAD944-6190-4D9B-BE80-8EF67C4B93DD}.Debug|Any CPU.Build.0 = Debug|Any CPU
		{08CAD944-6190-4D9B-BE80-8EF67C4B93DD}.Debug|x64.ActiveCfg = Debug|Any CPU
		{08CAD944-6190-4D9B-BE80-8EF67C4B93DD}.Debug|x64.Build.0 = Debug|Any CPU
		{08CAD944-6190-4D9B-BE80-8EF67C4B93DD}.Debug|x86.ActiveCfg = Debug|Any CPU
		{08CAD944-6190-4D9B-BE80-8EF67C4B93DD}.Debug|x86.Build.0 = Debug|Any CPU
		{08CAD944-6190-4D9B-BE80-8EF67C4B93DD}.Release|Any CPU.ActiveCfg = Release|Any CPU
		{08CAD944-6190-4D9B-BE80-8EF67C4B93DD}.Release|Any CPU.Build.0 = Release|Any CPU
		{08CAD944-6190-4D9B-BE80-8EF67C4B93DD}.Release|x64.ActiveCfg = Release|Any CPU
		{08CAD944-6190-4D9B-BE80-8EF67C4B93DD}.Release|x64.Build.0 = Release|Any CPU
		{08CAD944-6190-4D9B-BE80-8EF67C4B93DD}.Release|x86.ActiveCfg = Release|Any CPU
		{08CAD944-6190-4D9B-BE80-8EF67C4B93DD}.Release|x86.Build.0 = Release|Any CPU
	EndGlobalSection
EndGlobal
